// !$*UTF8*$!
{
	archiveVersion = 1;
	classes = {
	};
	objectVersion = 50;
	objects = {

/* Begin PBXBuildFile section */
		BC40D67C26242D1B006FCC7F /* PlanCollectionViewCell.swift in Sources */ = {isa = PBXBuildFile; fileRef = BC40D67A26242D1B006FCC7F /* PlanCollectionViewCell.swift */; };
		BC40D67D26242D1B006FCC7F /* PlanCollectionViewCell.xib in Resources */ = {isa = PBXBuildFile; fileRef = BC40D67B26242D1B006FCC7F /* PlanCollectionViewCell.xib */; };
		BC95F6C6262442F200D90682 /* Plan.swift in Sources */ = {isa = PBXBuildFile; fileRef = BC95F6C5262442F200D90682 /* Plan.swift */; };
		BCA67760262585600001A650 /* Extension.swift in Sources */ = {isa = PBXBuildFile; fileRef = BCA6775F262585600001A650 /* Extension.swift */; };
		BCAFFBCC25F9E97F005B52E1 /* AppDelegate.swift in Sources */ = {isa = PBXBuildFile; fileRef = BCAFFBCB25F9E97F005B52E1 /* AppDelegate.swift */; };
		BCAFFBCE25F9E97F005B52E1 /* SceneDelegate.swift in Sources */ = {isa = PBXBuildFile; fileRef = BCAFFBCD25F9E97F005B52E1 /* SceneDelegate.swift */; };
		BCAFFBD025F9E97F005B52E1 /* MainViewController.swift in Sources */ = {isa = PBXBuildFile; fileRef = BCAFFBCF25F9E97F005B52E1 /* MainViewController.swift */; };
		BCAFFBD325F9E97F005B52E1 /* Main.storyboard in Resources */ = {isa = PBXBuildFile; fileRef = BCAFFBD125F9E97F005B52E1 /* Main.storyboard */; };
		BCAFFBD525F9E981005B52E1 /* Assets.xcassets in Resources */ = {isa = PBXBuildFile; fileRef = BCAFFBD425F9E981005B52E1 /* Assets.xcassets */; };
		BCAFFBD825F9E981005B52E1 /* LaunchScreen.storyboard in Resources */ = {isa = PBXBuildFile; fileRef = BCAFFBD625F9E981005B52E1 /* LaunchScreen.storyboard */; };
		BCAFFBE525F9F563005B52E1 /* ChoiceViewController.swift in Sources */ = {isa = PBXBuildFile; fileRef = BCAFFBE425F9F563005B52E1 /* ChoiceViewController.swift */; };
		BCAFFBE825F9F86C005B52E1 /* SettingViewController.swift in Sources */ = {isa = PBXBuildFile; fileRef = BCAFFBE725F9F86C005B52E1 /* SettingViewController.swift */; };
		BCAFFBEB25F9F8F1005B52E1 /* TimerViewController.swift in Sources */ = {isa = PBXBuildFile; fileRef = BCAFFBEA25F9F8F1005B52E1 /* TimerViewController.swift */; };
		BCAFFBF525FA016C005B52E1 /* Choice.swift in Sources */ = {isa = PBXBuildFile; fileRef = BCAFFBF425FA016C005B52E1 /* Choice.swift */; };
		BCAFFBF925FA029A005B52E1 /* ChoiceCell.swift in Sources */ = {isa = PBXBuildFile; fileRef = BCAFFBF725FA029A005B52E1 /* ChoiceCell.swift */; };
		BCAFFBFA25FA029A005B52E1 /* ChoiceCell.xib in Resources */ = {isa = PBXBuildFile; fileRef = BCAFFBF825FA029A005B52E1 /* ChoiceCell.xib */; };
/* End PBXBuildFile section */

/* Begin PBXFileReference section */
		BC40D67A26242D1B006FCC7F /* PlanCollectionViewCell.swift */ = {isa = PBXFileReference; lastKnownFileType = sourcecode.swift; path = PlanCollectionViewCell.swift; sourceTree = "<group>"; };
		BC40D67B26242D1B006FCC7F /* PlanCollectionViewCell.xib */ = {isa = PBXFileReference; lastKnownFileType = file.xib; path = PlanCollectionViewCell.xib; sourceTree = "<group>"; };
		BC95F6C5262442F200D90682 /* Plan.swift */ = {isa = PBXFileReference; fileEncoding = 4; lastKnownFileType = sourcecode.swift; path = Plan.swift; sourceTree = "<group>"; };
		BCA6775F262585600001A650 /* Extension.swift */ = {isa = PBXFileReference; lastKnownFileType = sourcecode.swift; path = Extension.swift; sourceTree = "<group>"; };
		BCAFFBC825F9E97F005B52E1 /* Plank ON.app */ = {isa = PBXFileReference; explicitFileType = wrapper.application; includeInIndex = 0; path = "Plank ON.app"; sourceTree = BUILT_PRODUCTS_DIR; };
		BCAFFBCB25F9E97F005B52E1 /* AppDelegate.swift */ = {isa = PBXFileReference; lastKnownFileType = sourcecode.swift; path = AppDelegate.swift; sourceTree = "<group>"; };
		BCAFFBCD25F9E97F005B52E1 /* SceneDelegate.swift */ = {isa = PBXFileReference; lastKnownFileType = sourcecode.swift; path = SceneDelegate.swift; sourceTree = "<group>"; };
		BCAFFBCF25F9E97F005B52E1 /* MainViewController.swift */ = {isa = PBXFileReference; lastKnownFileType = sourcecode.swift; path = MainViewController.swift; sourceTree = "<group>"; };
		BCAFFBD225F9E97F005B52E1 /* Base */ = {isa = PBXFileReference; lastKnownFileType = file.storyboard; name = Base; path = Base.lproj/Main.storyboard; sourceTree = "<group>"; };
		BCAFFBD425F9E981005B52E1 /* Assets.xcassets */ = {isa = PBXFileReference; lastKnownFileType = folder.assetcatalog; path = Assets.xcassets; sourceTree = "<group>"; };
		BCAFFBD725F9E981005B52E1 /* Base */ = {isa = PBXFileReference; lastKnownFileType = file.storyboard; name = Base; path = Base.lproj/LaunchScreen.storyboard; sourceTree = "<group>"; };
		BCAFFBD925F9E981005B52E1 /* Info.plist */ = {isa = PBXFileReference; lastKnownFileType = text.plist.xml; path = Info.plist; sourceTree = "<group>"; };
		BCAFFBE425F9F563005B52E1 /* ChoiceViewController.swift */ = {isa = PBXFileReference; lastKnownFileType = sourcecode.swift; path = ChoiceViewController.swift; sourceTree = "<group>"; };
		BCAFFBE725F9F86C005B52E1 /* SettingViewController.swift */ = {isa = PBXFileReference; lastKnownFileType = sourcecode.swift; path = SettingViewController.swift; sourceTree = "<group>"; };
		BCAFFBEA25F9F8F1005B52E1 /* TimerViewController.swift */ = {isa = PBXFileReference; lastKnownFileType = sourcecode.swift; path = TimerViewController.swift; sourceTree = "<group>"; };
		BCAFFBF425FA016C005B52E1 /* Choice.swift */ = {isa = PBXFileReference; lastKnownFileType = sourcecode.swift; path = Choice.swift; sourceTree = "<group>"; };
		BCAFFBF725FA029A005B52E1 /* ChoiceCell.swift */ = {isa = PBXFileReference; lastKnownFileType = sourcecode.swift; path = ChoiceCell.swift; sourceTree = "<group>"; };
		BCAFFBF825FA029A005B52E1 /* ChoiceCell.xib */ = {isa = PBXFileReference; lastKnownFileType = file.xib; path = ChoiceCell.xib; sourceTree = "<group>"; };
/* End PBXFileReference section */

/* Begin PBXFrameworksBuildPhase section */
		BCAFFBC525F9E97F005B52E1 /* Frameworks */ = {
			isa = PBXFrameworksBuildPhase;
			buildActionMask = 2147483647;
			files = (
			);
			runOnlyForDeploymentPostprocessing = 0;
		};
/* End PBXFrameworksBuildPhase section */

/* Begin PBXGroup section */
		BCA6775E262585510001A650 /* Utility */ = {
			isa = PBXGroup;
			children = (
				BCA6775F262585600001A650 /* Extension.swift */,
			);
			path = Utility;
			sourceTree = "<group>";
		};
		BCAFFBBF25F9E97F005B52E1 = {
			isa = PBXGroup;
			children = (
				BCAFFBCA25F9E97F005B52E1 /* Plank ON */,
				BCAFFBC925F9E97F005B52E1 /* Products */,
			);
			sourceTree = "<group>";
		};
		BCAFFBC925F9E97F005B52E1 /* Products */ = {
			isa = PBXGroup;
			children = (
				BCAFFBC825F9E97F005B52E1 /* Plank ON.app */,
			);
			name = Products;
			sourceTree = "<group>";
		};
		BCAFFBCA25F9E97F005B52E1 /* Plank ON */ = {
			isa = PBXGroup;
			children = (
				BCAFFBCB25F9E97F005B52E1 /* AppDelegate.swift */,
				BCAFFBCD25F9E97F005B52E1 /* SceneDelegate.swift */,
				BCAFFBF225F9FEF7005B52E1 /* Models */,
				BCAFFBEE25F9F903005B52E1 /* Controller */,
				BCAFFBF125F9FEE3005B52E1 /* Views */,
				BCA6775E262585510001A650 /* Utility */,
				BCAFFBD425F9E981005B52E1 /* Assets.xcassets */,
				BCAFFBD625F9E981005B52E1 /* LaunchScreen.storyboard */,
				BCAFFBD925F9E981005B52E1 /* Info.plist */,
			);
			path = "Plank ON";
			sourceTree = "<group>";
		};
		BCAFFBEE25F9F903005B52E1 /* Controller */ = {
			isa = PBXGroup;
			children = (
				BCAFFBCF25F9E97F005B52E1 /* MainViewController.swift */,
				BCAFFBE425F9F563005B52E1 /* ChoiceViewController.swift */,
				BCAFFBE725F9F86C005B52E1 /* SettingViewController.swift */,
				BCAFFBEA25F9F8F1005B52E1 /* TimerViewController.swift */,
			);
			path = Controller;
			sourceTree = "<group>";
		};
		BCAFFBF125F9FEE3005B52E1 /* Views */ = {
			isa = PBXGroup;
			children = (
				BCAFFBD125F9E97F005B52E1 /* Main.storyboard */,
				BCAFFBF725FA029A005B52E1 /* ChoiceCell.swift */,
				BCAFFBF825FA029A005B52E1 /* ChoiceCell.xib */,
				BC40D67A26242D1B006FCC7F /* PlanCollectionViewCell.swift */,
				BC40D67B26242D1B006FCC7F /* PlanCollectionViewCell.xib */,
			);
			path = Views;
			sourceTree = "<group>";
		};
		BCAFFBF225F9FEF7005B52E1 /* Models */ = {
			isa = PBXGroup;
			children = (
				BCAFFBF425FA016C005B52E1 /* Choice.swift */,
				BC95F6C5262442F200D90682 /* Plan.swift */,
			);
			path = Models;
			sourceTree = "<group>";
		};
/* End PBXGroup section */

/* Begin PBXNativeTarget section */
		BCAFFBC725F9E97F005B52E1 /* Plank ON */ = {
			isa = PBXNativeTarget;
			buildConfigurationList = BCAFFBDC25F9E981005B52E1 /* Build configuration list for PBXNativeTarget "Plank ON" */;
			buildPhases = (
				BCAFFBC425F9E97F005B52E1 /* Sources */,
				BCAFFBC525F9E97F005B52E1 /* Frameworks */,
				BCAFFBC625F9E97F005B52E1 /* Resources */,
			);
			buildRules = (
			);
			dependencies = (
			);
			name = "Plank ON";
			productName = "Plank ON";
			productReference = BCAFFBC825F9E97F005B52E1 /* Plank ON.app */;
			productType = "com.apple.product-type.application";
		};
/* End PBXNativeTarget section */

/* Begin PBXProject section */
		BCAFFBC025F9E97F005B52E1 /* Project object */ = {
			isa = PBXProject;
			attributes = {
				LastSwiftUpdateCheck = 1240;
				LastUpgradeCheck = 1240;
				TargetAttributes = {
					BCAFFBC725F9E97F005B52E1 = {
						CreatedOnToolsVersion = 12.4;
					};
				};
			};
			buildConfigurationList = BCAFFBC325F9E97F005B52E1 /* Build configuration list for PBXProject "Plank ON" */;
			compatibilityVersion = "Xcode 9.3";
			developmentRegion = en;
			hasScannedForEncodings = 0;
			knownRegions = (
				en,
				Base,
			);
			mainGroup = BCAFFBBF25F9E97F005B52E1;
			productRefGroup = BCAFFBC925F9E97F005B52E1 /* Products */;
			projectDirPath = "";
			projectRoot = "";
			targets = (
				BCAFFBC725F9E97F005B52E1 /* Plank ON */,
			);
		};
/* End PBXProject section */

/* Begin PBXResourcesBuildPhase section */
		BCAFFBC625F9E97F005B52E1 /* Resources */ = {
			isa = PBXResourcesBuildPhase;
			buildActionMask = 2147483647;
			files = (
				BCAFFBFA25FA029A005B52E1 /* ChoiceCell.xib in Resources */,
				BCAFFBD825F9E981005B52E1 /* LaunchScreen.storyboard in Resources */,
				BCAFFBD525F9E981005B52E1 /* Assets.xcassets in Resources */,
				BCAFFBD325F9E97F005B52E1 /* Main.storyboard in Resources */,
				BC40D67D26242D1B006FCC7F /* PlanCollectionViewCell.xib in Resources */,
			);
			runOnlyForDeploymentPostprocessing = 0;
		};
/* End PBXResourcesBuildPhase section */

/* Begin PBXSourcesBuildPhase section */
		BCAFFBC425F9E97F005B52E1 /* Sources */ = {
			isa = PBXSourcesBuildPhase;
			buildActionMask = 2147483647;
			files = (
				BC40D67C26242D1B006FCC7F /* PlanCollectionViewCell.swift in Sources */,
				BCAFFBF525FA016C005B52E1 /* Choice.swift in Sources */,
				BCAFFBE825F9F86C005B52E1 /* SettingViewController.swift in Sources */,
				BCAFFBD025F9E97F005B52E1 /* MainViewController.swift in Sources */,
				BC95F6C6262442F200D90682 /* Plan.swift in Sources */,
				BCAFFBCC25F9E97F005B52E1 /* AppDelegate.swift in Sources */,
				BCAFFBF925FA029A005B52E1 /* ChoiceCell.swift in Sources */,
				BCA67760262585600001A650 /* Extension.swift in Sources */,
				BCAFFBCE25F9E97F005B52E1 /* SceneDelegate.swift in Sources */,
				BCAFFBEB25F9F8F1005B52E1 /* TimerViewController.swift in Sources */,
				BCAFFBE525F9F563005B52E1 /* ChoiceViewController.swift in Sources */,
			);
			runOnlyForDeploymentPostprocessing = 0;
		};
/* End PBXSourcesBuildPhase section */

/* Begin PBXVariantGroup section */
		BCAFFBD125F9E97F005B52E1 /* Main.storyboard */ = {
			isa = PBXVariantGroup;
			children = (
				BCAFFBD225F9E97F005B52E1 /* Base */,
			);
			name = Main.storyboard;
			sourceTree = "<group>";
		};
		BCAFFBD625F9E981005B52E1 /* LaunchScreen.storyboard */ = {
			isa = PBXVariantGroup;
			children = (
				BCAFFBD725F9E981005B52E1 /* Base */,
			);
			name = LaunchScreen.storyboard;
			sourceTree = "<group>";
		};
/* End PBXVariantGroup section */

/* Begin XCBuildConfiguration section */
		BCAFFBDA25F9E981005B52E1 /* Debug */ = {
			isa = XCBuildConfiguration;
			buildSettings = {
				ALWAYS_SEARCH_USER_PATHS = NO;
				CLANG_ANALYZER_NONNULL = YES;
				CLANG_ANALYZER_NUMBER_OBJECT_CONVERSION = YES_AGGRESSIVE;
				CLANG_CXX_LANGUAGE_STANDARD = "gnu++14";
				CLANG_CXX_LIBRARY = "libc++";
				CLANG_ENABLE_MODULES = YES;
				CLANG_ENABLE_OBJC_ARC = YES;
				CLANG_ENABLE_OBJC_WEAK = YES;
				CLANG_WARN_BLOCK_CAPTURE_AUTORELEASING = YES;
				CLANG_WARN_BOOL_CONVERSION = YES;
				CLANG_WARN_COMMA = YES;
				CLANG_WARN_CONSTANT_CONVERSION = YES;
				CLANG_WARN_DEPRECATED_OBJC_IMPLEMENTATIONS = YES;
				CLANG_WARN_DIRECT_OBJC_ISA_USAGE = YES_ERROR;
				CLANG_WARN_DOCUMENTATION_COMMENTS = YES;
				CLANG_WARN_EMPTY_BODY = YES;
				CLANG_WARN_ENUM_CONVERSION = YES;
				CLANG_WARN_INFINITE_RECURSION = YES;
				CLANG_WARN_INT_CONVERSION = YES;
				CLANG_WARN_NON_LITERAL_NULL_CONVERSION = YES;
				CLANG_WARN_OBJC_IMPLICIT_RETAIN_SELF = YES;
				CLANG_WARN_OBJC_LITERAL_CONVERSION = YES;
				CLANG_WARN_OBJC_ROOT_CLASS = YES_ERROR;
				CLANG_WARN_QUOTED_INCLUDE_IN_FRAMEWORK_HEADER = YES;
				CLANG_WARN_RANGE_LOOP_ANALYSIS = YES;
				CLANG_WARN_STRICT_PROTOTYPES = YES;
				CLANG_WARN_SUSPICIOUS_MOVE = YES;
				CLANG_WARN_UNGUARDED_AVAILABILITY = YES_AGGRESSIVE;
				CLANG_WARN_UNREACHABLE_CODE = YES;
				CLANG_WARN__DUPLICATE_METHOD_MATCH = YES;
				COPY_PHASE_STRIP = NO;
				DEBUG_INFORMATION_FORMAT = dwarf;
				ENABLE_STRICT_OBJC_MSGSEND = YES;
				ENABLE_TESTABILITY = YES;
				GCC_C_LANGUAGE_STANDARD = gnu11;
				GCC_DYNAMIC_NO_PIC = NO;
				GCC_NO_COMMON_BLOCKS = YES;
				GCC_OPTIMIZATION_LEVEL = 0;
				GCC_PREPROCESSOR_DEFINITIONS = (
					"DEBUG=1",
					"$(inherited)",
				);
				GCC_WARN_64_TO_32_BIT_CONVERSION = YES;
				GCC_WARN_ABOUT_RETURN_TYPE = YES_ERROR;
				GCC_WARN_UNDECLARED_SELECTOR = YES;
				GCC_WARN_UNINITIALIZED_AUTOS = YES_AGGRESSIVE;
				GCC_WARN_UNUSED_FUNCTION = YES;
				GCC_WARN_UNUSED_VARIABLE = YES;
				IPHONEOS_DEPLOYMENT_TARGET = 14.4;
				MTL_ENABLE_DEBUG_INFO = INCLUDE_SOURCE;
				MTL_FAST_MATH = YES;
				ONLY_ACTIVE_ARCH = YES;
				SDKROOT = iphoneos;
				SWIFT_ACTIVE_COMPILATION_CONDITIONS = DEBUG;
				SWIFT_OPTIMIZATION_LEVEL = "-Onone";
			};
			name = Debug;
		};
		BCAFFBDB25F9E981005B52E1 /* Release */ = {
			isa = XCBuildConfiguration;
			buildSettings = {
				ALWAYS_SEARCH_USER_PATHS = NO;
				CLANG_ANALYZER_NONNULL = YES;
				CLANG_ANALYZER_NUMBER_OBJECT_CONVERSION = YES_AGGRESSIVE;
				CLANG_CXX_LANGUAGE_STANDARD = "gnu++14";
				CLANG_CXX_LIBRARY = "libc++";
				CLANG_ENABLE_MODULES = YES;
				CLANG_ENABLE_OBJC_ARC = YES;
				CLANG_ENABLE_OBJC_WEAK = YES;
				CLANG_WARN_BLOCK_CAPTURE_AUTORELEASING = YES;
				CLANG_WARN_BOOL_CONVERSION = YES;
				CLANG_WARN_COMMA = YES;
				CLANG_WARN_CONSTANT_CONVERSION = YES;
				CLANG_WARN_DEPRECATED_OBJC_IMPLEMENTATIONS = YES;
				CLANG_WARN_DIRECT_OBJC_ISA_USAGE = YES_ERROR;
				CLANG_WARN_DOCUMENTATION_COMMENTS = YES;
				CLANG_WARN_EMPTY_BODY = YES;
				CLANG_WARN_ENUM_CONVERSION = YES;
				CLANG_WARN_INFINITE_RECURSION = YES;
				CLANG_WARN_INT_CONVERSION = YES;
				CLANG_WARN_NON_LITERAL_NULL_CONVERSION = YES;
				CLANG_WARN_OBJC_IMPLICIT_RETAIN_SELF = YES;
				CLANG_WARN_OBJC_LITERAL_CONVERSION = YES;
				CLANG_WARN_OBJC_ROOT_CLASS = YES_ERROR;
				CLANG_WARN_QUOTED_INCLUDE_IN_FRAMEWORK_HEADER = YES;
				CLANG_WARN_RANGE_LOOP_ANALYSIS = YES;
				CLANG_WARN_STRICT_PROTOTYPES = YES;
				CLANG_WARN_SUSPICIOUS_MOVE = YES;
				CLANG_WARN_UNGUARDED_AVAILABILITY = YES_AGGRESSIVE;
				CLANG_WARN_UNREACHABLE_CODE = YES;
				CLANG_WARN__DUPLICATE_METHOD_MATCH = YES;
				COPY_PHASE_STRIP = NO;
				DEBUG_INFORMATION_FORMAT = "dwarf-with-dsym";
				ENABLE_NS_ASSERTIONS = NO;
				ENABLE_STRICT_OBJC_MSGSEND = YES;
				GCC_C_LANGUAGE_STANDARD = gnu11;
				GCC_NO_COMMON_BLOCKS = YES;
				GCC_WARN_64_TO_32_BIT_CONVERSION = YES;
				GCC_WARN_ABOUT_RETURN_TYPE = YES_ERROR;
				GCC_WARN_UNDECLARED_SELECTOR = YES;
				GCC_WARN_UNINITIALIZED_AUTOS = YES_AGGRESSIVE;
				GCC_WARN_UNUSED_FUNCTION = YES;
				GCC_WARN_UNUSED_VARIABLE = YES;
				IPHONEOS_DEPLOYMENT_TARGET = 14.4;
				MTL_ENABLE_DEBUG_INFO = NO;
				MTL_FAST_MATH = YES;
				SDKROOT = iphoneos;
				SWIFT_COMPILATION_MODE = wholemodule;
				SWIFT_OPTIMIZATION_LEVEL = "-O";
				VALIDATE_PRODUCT = YES;
			};
			name = Release;
		};
		BCAFFBDD25F9E981005B52E1 /* Debug */ = {
			isa = XCBuildConfiguration;
			buildSettings = {
				ASSETCATALOG_COMPILER_APPICON_NAME = AppIcon;
				ASSETCATALOG_COMPILER_GLOBAL_ACCENT_COLOR_NAME = AccentColor;
				CODE_SIGN_STYLE = Automatic;
				DEVELOPMENT_TEAM = UL264WB4Z5;
				INFOPLIST_FILE = "Plank ON/Info.plist";
				IPHONEOS_DEPLOYMENT_TARGET = 13.0;
				LD_RUNPATH_SEARCH_PATHS = (
					"$(inherited)",
					"@executable_path/Frameworks",
				);
				PRODUCT_BUNDLE_IDENTIFIER = "net.P0tt3r.Plank-ON";
				PRODUCT_NAME = "$(TARGET_NAME)";
				SWIFT_VERSION = 5.0;
				TARGETED_DEVICE_FAMILY = 1;
			};
			name = Debug;
		};
		BCAFFBDE25F9E981005B52E1 /* Release */ = {
			isa = XCBuildConfiguration;
			buildSettings = {
				ASSETCATALOG_COMPILER_APPICON_NAME = AppIcon;
				ASSETCATALOG_COMPILER_GLOBAL_ACCENT_COLOR_NAME = AccentColor;
				CODE_SIGN_STYLE = Automatic;
				DEVELOPMENT_TEAM = UL264WB4Z5;
				INFOPLIST_FILE = "Plank ON/Info.plist";
				IPHONEOS_DEPLOYMENT_TARGET = 13.0;
				LD_RUNPATH_SEARCH_PATHS = (
					"$(inherited)",
					"@executable_path/Frameworks",
				);
				PRODUCT_BUNDLE_IDENTIFIER = "net.P0tt3r.Plank-ON";
				PRODUCT_NAME = "$(TARGET_NAME)";
				SWIFT_VERSION = 5.0;
				TARGETED_DEVICE_FAMILY = 1;
			};
			name = Release;
		};
/* End XCBuildConfiguration section */

/* Begin XCConfigurationList section */
		BCAFFBC325F9E97F005B52E1 /* Build configuration list for PBXProject "Plank ON" */ = {
			isa = XCConfigurationList;
			buildConfigurations = (
				BCAFFBDA25F9E981005B52E1 /* Debug */,
				BCAFFBDB25F9E981005B52E1 /* Release */,
			);
			defaultConfigurationIsVisible = 0;
			defaultConfigurationName = Release;
		};
		BCAFFBDC25F9E981005B52E1 /* Build configuration list for PBXNativeTarget "Plank ON" */ = {
			isa = XCConfigurationList;
			buildConfigurations = (
				BCAFFBDD25F9E981005B52E1 /* Debug */,
				BCAFFBDE25F9E981005B52E1 /* Release */,
			);
			defaultConfigurationIsVisible = 0;
			defaultConfigurationName = Release;
		};
/* End XCConfigurationList section */
	};
	rootObject = BCAFFBC025F9E97F005B52E1 /* Project object */;
}
